// !$*UTF8*$!
{
	archiveVersion = 1;
	classes = {
	};
	objectVersion = 51;
	objects = {

/* Begin PBXBuildFile section */
		0FC68535A41424D32AB34A41 /* Pods_storylyApp.framework in Frameworks */ = {isa = PBXBuildFile; fileRef = 71D97D79CD2508FA5B2A7AC1 /* Pods_storylyApp.framework */; };
		82830AD726BCA2C600FF5766 /* AppDelegate.swift in Sources */ = {isa = PBXBuildFile; fileRef = 82830AD626BCA2C600FF5766 /* AppDelegate.swift */; };
		82830AD926BCA2C600FF5766 /* SceneDelegate.swift in Sources */ = {isa = PBXBuildFile; fileRef = 82830AD826BCA2C600FF5766 /* SceneDelegate.swift */; };
		82830ADB26BCA2C600FF5766 /* ViewController.swift in Sources */ = {isa = PBXBuildFile; fileRef = 82830ADA26BCA2C600FF5766 /* ViewController.swift */; };
		82830ADE26BCA2C600FF5766 /* Main.storyboard in Resources */ = {isa = PBXBuildFile; fileRef = 82830ADC26BCA2C600FF5766 /* Main.storyboard */; };
		82830AE026BCA2CA00FF5766 /* Assets.xcassets in Resources */ = {isa = PBXBuildFile; fileRef = 82830ADF26BCA2CA00FF5766 /* Assets.xcassets */; };
		82830AE326BCA2CA00FF5766 /* LaunchScreen.storyboard in Resources */ = {isa = PBXBuildFile; fileRef = 82830AE126BCA2CA00FF5766 /* LaunchScreen.storyboard */; };
		82830AEF26BCA8A000FF5766 /* ViewStorylyCell.xib in Resources */ = {isa = PBXBuildFile; fileRef = 82830AEE26BCA8A000FF5766 /* ViewStorylyCell.xib */; };
		82830AF126BCA94F00FF5766 /* ViewStorylyCell.swift in Sources */ = {isa = PBXBuildFile; fileRef = 82830AF026BCA94F00FF5766 /* ViewStorylyCell.swift */; };
/* End PBXBuildFile section */

/* Begin PBXFileReference section */
		71D97D79CD2508FA5B2A7AC1 /* Pods_storylyApp.framework */ = {isa = PBXFileReference; explicitFileType = wrapper.framework; includeInIndex = 0; path = Pods_storylyApp.framework; sourceTree = BUILT_PRODUCTS_DIR; };
		82830AD326BCA2C600FF5766 /* storylyApp.app */ = {isa = PBXFileReference; explicitFileType = wrapper.application; includeInIndex = 0; path = storylyApp.app; sourceTree = BUILT_PRODUCTS_DIR; };
		82830AD626BCA2C600FF5766 /* AppDelegate.swift */ = {isa = PBXFileReference; lastKnownFileType = sourcecode.swift; path = AppDelegate.swift; sourceTree = "<group>"; };
		82830AD826BCA2C600FF5766 /* SceneDelegate.swift */ = {isa = PBXFileReference; lastKnownFileType = sourcecode.swift; path = SceneDelegate.swift; sourceTree = "<group>"; };
		82830ADA26BCA2C600FF5766 /* ViewController.swift */ = {isa = PBXFileReference; lastKnownFileType = sourcecode.swift; path = ViewController.swift; sourceTree = "<group>"; };
		82830ADD26BCA2C600FF5766 /* Base */ = {isa = PBXFileReference; lastKnownFileType = file.storyboard; name = Base; path = Base.lproj/Main.storyboard; sourceTree = "<group>"; };
		82830ADF26BCA2CA00FF5766 /* Assets.xcassets */ = {isa = PBXFileReference; lastKnownFileType = folder.assetcatalog; path = Assets.xcassets; sourceTree = "<group>"; };
		82830AE226BCA2CA00FF5766 /* Base */ = {isa = PBXFileReference; lastKnownFileType = file.storyboard; name = Base; path = Base.lproj/LaunchScreen.storyboard; sourceTree = "<group>"; };
		82830AE426BCA2CA00FF5766 /* Info.plist */ = {isa = PBXFileReference; lastKnownFileType = text.plist.xml; path = Info.plist; sourceTree = "<group>"; };
		82830AEA26BCA44400FF5766 /* Storyly.xcframework */ = {isa = PBXFileReference; lastKnownFileType = wrapper.xcframework; name = Storyly.xcframework; path = Pods/Storyly/Storyly.xcframework; sourceTree = "<group>"; };
		82830AEE26BCA8A000FF5766 /* ViewStorylyCell.xib */ = {isa = PBXFileReference; lastKnownFileType = file.xib; path = ViewStorylyCell.xib; sourceTree = "<group>"; };
		82830AF026BCA94F00FF5766 /* ViewStorylyCell.swift */ = {isa = PBXFileReference; lastKnownFileType = sourcecode.swift; path = ViewStorylyCell.swift; sourceTree = "<group>"; };
		95E3C92B116399CA87742F52 /* Pods-storylyApp.release.xcconfig */ = {isa = PBXFileReference; includeInIndex = 1; lastKnownFileType = text.xcconfig; name = "Pods-storylyApp.release.xcconfig"; path = "Target Support Files/Pods-storylyApp/Pods-storylyApp.release.xcconfig"; sourceTree = "<group>"; };
		DFD84130410EC2EEDDDE52F3 /* Pods-storylyApp.debug.xcconfig */ = {isa = PBXFileReference; includeInIndex = 1; lastKnownFileType = text.xcconfig; name = "Pods-storylyApp.debug.xcconfig"; path = "Target Support Files/Pods-storylyApp/Pods-storylyApp.debug.xcconfig"; sourceTree = "<group>"; };
/* End PBXFileReference section */

/* Begin PBXFrameworksBuildPhase section */
		82830AD026BCA2C600FF5766 /* Frameworks */ = {
			isa = PBXFrameworksBuildPhase;
			buildActionMask = 2147483647;
			files = (
				0FC68535A41424D32AB34A41 /* Pods_storylyApp.framework in Frameworks */,
			);
			runOnlyForDeploymentPostprocessing = 0;
		};
/* End PBXFrameworksBuildPhase section */

/* Begin PBXGroup section */
		5A56B7578558150AD4329B3E /* Frameworks */ = {
			isa = PBXGroup;
			children = (
				82830AEA26BCA44400FF5766 /* Storyly.xcframework */,
				71D97D79CD2508FA5B2A7AC1 /* Pods_storylyApp.framework */,
			);
			name = Frameworks;
			sourceTree = "<group>";
		};
		82830ACA26BCA2C500FF5766 = {
			isa = PBXGroup;
			children = (
				82830AD526BCA2C600FF5766 /* storylyApp */,
				82830AD426BCA2C600FF5766 /* Products */,
				BC1ECBDE54E60133FAEB783D /* Pods */,
				5A56B7578558150AD4329B3E /* Frameworks */,
			);
			sourceTree = "<group>";
		};
		82830AD426BCA2C600FF5766 /* Products */ = {
			isa = PBXGroup;
			children = (
				82830AD326BCA2C600FF5766 /* storylyApp.app */,
			);
			name = Products;
			sourceTree = "<group>";
		};
		82830AD526BCA2C600FF5766 /* storylyApp */ = {
			isa = PBXGroup;
			children = (
				82830AD626BCA2C600FF5766 /* AppDelegate.swift */,
				82830AD826BCA2C600FF5766 /* SceneDelegate.swift */,
				82830ADA26BCA2C600FF5766 /* ViewController.swift */,
				82830ADC26BCA2C600FF5766 /* Main.storyboard */,
				82830ADF26BCA2CA00FF5766 /* Assets.xcassets */,
				82830AE126BCA2CA00FF5766 /* LaunchScreen.storyboard */,
				82830AE426BCA2CA00FF5766 /* Info.plist */,
				82830AEE26BCA8A000FF5766 /* ViewStorylyCell.xib */,
				82830AF026BCA94F00FF5766 /* ViewStorylyCell.swift */,
			);
			path = storylyApp;
			sourceTree = "<group>";
		};
		BC1ECBDE54E60133FAEB783D /* Pods */ = {
			isa = PBXGroup;
			children = (
				DFD84130410EC2EEDDDE52F3 /* Pods-storylyApp.debug.xcconfig */,
				95E3C92B116399CA87742F52 /* Pods-storylyApp.release.xcconfig */,
			);
			path = Pods;
			sourceTree = "<group>";
		};
/* End PBXGroup section */

/* Begin PBXNativeTarget section */
		82830AD226BCA2C600FF5766 /* storylyApp */ = {
			isa = PBXNativeTarget;
			buildConfigurationList = 82830AE726BCA2CA00FF5766 /* Build configuration list for PBXNativeTarget "storylyApp" */;
			buildPhases = (
				530417F5527737E5D4ACEC8A /* [CP] Check Pods Manifest.lock */,
				82830ACF26BCA2C600FF5766 /* Sources */,
				82830AD026BCA2C600FF5766 /* Frameworks */,
				82830AD126BCA2C600FF5766 /* Resources */,
				49D9C24F680456D3BA0A33C2 /* [CP] Embed Pods Frameworks */,
			);
			buildRules = (
			);
			dependencies = (
			);
			name = storylyApp;
			productName = storylyApp;
			productReference = 82830AD326BCA2C600FF5766 /* storylyApp.app */;
			productType = "com.apple.product-type.application";
		};
/* End PBXNativeTarget section */

/* Begin PBXProject section */
		82830ACB26BCA2C500FF5766 /* Project object */ = {
			isa = PBXProject;
			attributes = {
				LastSwiftUpdateCheck = 1250;
				LastUpgradeCheck = 1250;
				TargetAttributes = {
					82830AD226BCA2C600FF5766 = {
						CreatedOnToolsVersion = 12.5;
					};
				};
			};
			buildConfigurationList = 82830ACE26BCA2C500FF5766 /* Build configuration list for PBXProject "storylyApp" */;
			compatibilityVersion = "Xcode 9.3";
			developmentRegion = en;
			hasScannedForEncodings = 0;
			knownRegions = (
				en,
				Base,
			);
			mainGroup = 82830ACA26BCA2C500FF5766;
			productRefGroup = 82830AD426BCA2C600FF5766 /* Products */;
			projectDirPath = "";
			projectRoot = "";
			targets = (
				82830AD226BCA2C600FF5766 /* storylyApp */,
			);
		};
/* End PBXProject section */

/* Begin PBXResourcesBuildPhase section */
		82830AD126BCA2C600FF5766 /* Resources */ = {
			isa = PBXResourcesBuildPhase;
			buildActionMask = 2147483647;
			files = (
				82830AE326BCA2CA00FF5766 /* LaunchScreen.storyboard in Resources */,
				82830AEF26BCA8A000FF5766 /* ViewStorylyCell.xib in Resources */,
				82830AE026BCA2CA00FF5766 /* Assets.xcassets in Resources */,
				82830ADE26BCA2C600FF5766 /* Main.storyboard in Resources */,
			);
			runOnlyForDeploymentPostprocessing = 0;
		};
/* End PBXResourcesBuildPhase section */

/* Begin PBXShellScriptBuildPhase section */
		49D9C24F680456D3BA0A33C2 /* [CP] Embed Pods Frameworks */ = {
			isa = PBXShellScriptBuildPhase;
			buildActionMask = 2147483647;
			files = (
			);
			inputFileListPaths = (
				"${PODS_ROOT}/Target Support Files/Pods-storylyApp/Pods-storylyApp-frameworks-${CONFIGURATION}-input-files.xcfilelist",
			);
			name = "[CP] Embed Pods Frameworks";
			outputFileListPaths = (
				"${PODS_ROOT}/Target Support Files/Pods-storylyApp/Pods-storylyApp-frameworks-${CONFIGURATION}-output-files.xcfilelist",
			);
			runOnlyForDeploymentPostprocessing = 0;
			shellPath = /bin/sh;
			shellScript = "\"${PODS_ROOT}/Target Support Files/Pods-storylyApp/Pods-storylyApp-frameworks.sh\"\n";
			showEnvVarsInLog = 0;
		};
		530417F5527737E5D4ACEC8A /* [CP] Check Pods Manifest.lock */ = {
			isa = PBXShellScriptBuildPhase;
			buildActionMask = 2147483647;
			files = (
			);
			inputFileListPaths = (
			);
			inputPaths = (
				"${PODS_PODFILE_DIR_PATH}/Podfile.lock",
				"${PODS_ROOT}/Manifest.lock",
			);
			name = "[CP] Check Pods Manifest.lock";
			outputFileListPaths = (
			);
			outputPaths = (
				"$(DERIVED_FILE_DIR)/Pods-storylyApp-checkManifestLockResult.txt",
			);
			runOnlyForDeploymentPostprocessing = 0;
			shellPath = /bin/sh;
			shellScript = "diff \"${PODS_PODFILE_DIR_PATH}/Podfile.lock\" \"${PODS_ROOT}/Manifest.lock\" > /dev/null\nif [ $? != 0 ] ; then\n    # print error to STDERR\n    echo \"error: The sandbox is not in sync with the Podfile.lock. Run 'pod install' or update your CocoaPods installation.\" >&2\n    exit 1\nfi\n# This output is used by Xcode 'outputs' to avoid re-running this script phase.\necho \"SUCCESS\" > \"${SCRIPT_OUTPUT_FILE_0}\"\n";
			showEnvVarsInLog = 0;
		};
/* End PBXShellScriptBuildPhase section */

/* Begin PBXSourcesBuildPhase section */
		82830ACF26BCA2C600FF5766 /* Sources */ = {
			isa = PBXSourcesBuildPhase;
			buildActionMask = 2147483647;
			files = (
				82830ADB26BCA2C600FF5766 /* ViewController.swift in Sources */,
				82830AF126BCA94F00FF5766 /* ViewStorylyCell.swift in Sources */,
				82830AD726BCA2C600FF5766 /* AppDelegate.swift in Sources */,
				82830AD926BCA2C600FF5766 /* SceneDelegate.swift in Sources */,
			);
			runOnlyForDeploymentPostprocessing = 0;
		};
/* End PBXSourcesBuildPhase section */

/* Begin PBXVariantGroup section */
		82830ADC26BCA2C600FF5766 /* Main.storyboard */ = {
			isa = PBXVariantGroup;
			children = (
				82830ADD26BCA2C600FF5766 /* Base */,
			);
			name = Main.storyboard;
			sourceTree = "<group>";
		};
		82830AE126BCA2CA00FF5766 /* LaunchScreen.storyboard */ = {
			isa = PBXVariantGroup;
			children = (
				82830AE226BCA2CA00FF5766 /* Base */,
			);
			name = LaunchScreen.storyboard;
			sourceTree = "<group>";
		};
/* End PBXVariantGroup section */

/* Begin XCBuildConfiguration section */
		82830AE526BCA2CA00FF5766 /* Debug */ = {
			isa = XCBuildConfiguration;
			buildSettings = {
				ALWAYS_SEARCH_USER_PATHS = NO;
				CLANG_ANALYZER_NONNULL = YES;
				CLANG_ANALYZER_NUMBER_OBJECT_CONVERSION = YES_AGGRESSIVE;
				CLANG_CXX_LANGUAGE_STANDARD = "gnu++14";
				CLANG_CXX_LIBRARY = "libc++";
				CLANG_ENABLE_MODULES = YES;
				CLANG_ENABLE_OBJC_ARC = YES;
				CLANG_ENABLE_OBJC_WEAK = YES;
				CLANG_WARN_BLOCK_CAPTURE_AUTORELEASING = YES;
				CLANG_WARN_BOOL_CONVERSION = YES;
				CLANG_WARN_COMMA = YES;
				CLANG_WARN_CONSTANT_CONVERSION = YES;
				CLANG_WARN_DEPRECATED_OBJC_IMPLEMENTATIONS = YES;
				CLANG_WARN_DIRECT_OBJC_ISA_USAGE = YES_ERROR;
				CLANG_WARN_DOCUMENTATION_COMMENTS = YES;
				CLANG_WARN_EMPTY_BODY = YES;
				CLANG_WARN_ENUM_CONVERSION = YES;
				CLANG_WARN_INFINITE_RECURSION = YES;
				CLANG_WARN_INT_CONVERSION = YES;
				CLANG_WARN_NON_LITERAL_NULL_CONVERSION = YES;
				CLANG_WARN_OBJC_IMPLICIT_RETAIN_SELF = YES;
				CLANG_WARN_OBJC_LITERAL_CONVERSION = YES;
				CLANG_WARN_OBJC_ROOT_CLASS = YES_ERROR;
				CLANG_WARN_QUOTED_INCLUDE_IN_FRAMEWORK_HEADER = YES;
				CLANG_WARN_RANGE_LOOP_ANALYSIS = YES;
				CLANG_WARN_STRICT_PROTOTYPES = YES;
				CLANG_WARN_SUSPICIOUS_MOVE = YES;
				CLANG_WARN_UNGUARDED_AVAILABILITY = YES_AGGRESSIVE;
				CLANG_WARN_UNREACHABLE_CODE = YES;
				CLANG_WARN__DUPLICATE_METHOD_MATCH = YES;
				COPY_PHASE_STRIP = NO;
				DEBUG_INFORMATION_FORMAT = dwarf;
				ENABLE_STRICT_OBJC_MSGSEND = YES;
				ENABLE_TESTABILITY = YES;
				GCC_C_LANGUAGE_STANDARD = gnu11;
				GCC_DYNAMIC_NO_PIC = NO;
				GCC_NO_COMMON_BLOCKS = YES;
				GCC_OPTIMIZATION_LEVEL = 0;
				GCC_PREPROCESSOR_DEFINITIONS = (
					"DEBUG=1",
					"$(inherited)",
				);
				GCC_WARN_64_TO_32_BIT_CONVERSION = YES;
				GCC_WARN_ABOUT_RETURN_TYPE = YES_ERROR;
				GCC_WARN_UNDECLARED_SELECTOR = YES;
				GCC_WARN_UNINITIALIZED_AUTOS = YES_AGGRESSIVE;
				GCC_WARN_UNUSED_FUNCTION = YES;
				GCC_WARN_UNUSED_VARIABLE = YES;
				IPHONEOS_DEPLOYMENT_TARGET = 14.5;
				MTL_ENABLE_DEBUG_INFO = INCLUDE_SOURCE;
				MTL_FAST_MATH = YES;
				ONLY_ACTIVE_ARCH = YES;
				SDKROOT = iphoneos;
				SWIFT_ACTIVE_COMPILATION_CONDITIONS = DEBUG;
				SWIFT_OPTIMIZATION_LEVEL = "-Onone";
			};
			name = Debug;
		};
		82830AE626BCA2CA00FF5766 /* Release */ = {
			isa = XCBuildConfiguration;
			buildSettings = {
				ALWAYS_SEARCH_USER_PATHS = NO;
				CLANG_ANALYZER_NONNULL = YES;
				CLANG_ANALYZER_NUMBER_OBJECT_CONVERSION = YES_AGGRESSIVE;
				CLANG_CXX_LANGUAGE_STANDARD = "gnu++14";
				CLANG_CXX_LIBRARY = "libc++";
				CLANG_ENABLE_MODULES = YES;
				CLANG_ENABLE_OBJC_ARC = YES;
				CLANG_ENABLE_OBJC_WEAK = YES;
				CLANG_WARN_BLOCK_CAPTURE_AUTORELEASING = YES;
				CLANG_WARN_BOOL_CONVERSION = YES;
				CLANG_WARN_COMMA = YES;
				CLANG_WARN_CONSTANT_CONVERSION = YES;
				CLANG_WARN_DEPRECATED_OBJC_IMPLEMENTATIONS = YES;
				CLANG_WARN_DIRECT_OBJC_ISA_USAGE = YES_ERROR;
				CLANG_WARN_DOCUMENTATION_COMMENTS = YES;
				CLANG_WARN_EMPTY_BODY = YES;
				CLANG_WARN_ENUM_CONVERSION = YES;
				CLANG_WARN_INFINITE_RECURSION = YES;
				CLANG_WARN_INT_CONVERSION = YES;
				CLANG_WARN_NON_LITERAL_NULL_CONVERSION = YES;
				CLANG_WARN_OBJC_IMPLICIT_RETAIN_SELF = YES;
				CLANG_WARN_OBJC_LITERAL_CONVERSION = YES;
				CLANG_WARN_OBJC_ROOT_CLASS = YES_ERROR;
				CLANG_WARN_QUOTED_INCLUDE_IN_FRAMEWORK_HEADER = YES;
				CLANG_WARN_RANGE_LOOP_ANALYSIS = YES;
				CLANG_WARN_STRICT_PROTOTYPES = YES;
				CLANG_WARN_SUSPICIOUS_MOVE = YES;
				CLANG_WARN_UNGUARDED_AVAILABILITY = YES_AGGRESSIVE;
				CLANG_WARN_UNREACHABLE_CODE = YES;
				CLANG_WARN__DUPLICATE_METHOD_MATCH = YES;
				COPY_PHASE_STRIP = NO;
				DEBUG_INFORMATION_FORMAT = "dwarf-with-dsym";
				ENABLE_NS_ASSERTIONS = NO;
				ENABLE_STRICT_OBJC_MSGSEND = YES;
				GCC_C_LANGUAGE_STANDARD = gnu11;
				GCC_NO_COMMON_BLOCKS = YES;
				GCC_WARN_64_TO_32_BIT_CONVERSION = YES;
				GCC_WARN_ABOUT_RETURN_TYPE = YES_ERROR;
				GCC_WARN_UNDECLARED_SELECTOR = YES;
				GCC_WARN_UNINITIALIZED_AUTOS = YES_AGGRESSIVE;
				GCC_WARN_UNUSED_FUNCTION = YES;
				GCC_WARN_UNUSED_VARIABLE = YES;
				IPHONEOS_DEPLOYMENT_TARGET = 14.5;
				MTL_ENABLE_DEBUG_INFO = NO;
				MTL_FAST_MATH = YES;
				SDKROOT = iphoneos;
				SWIFT_COMPILATION_MODE = wholemodule;
				SWIFT_OPTIMIZATION_LEVEL = "-O";
				VALIDATE_PRODUCT = YES;
			};
			name = Release;
		};
		82830AE826BCA2CA00FF5766 /* Debug */ = {
			isa = XCBuildConfiguration;
			baseConfigurationReference = DFD84130410EC2EEDDDE52F3 /* Pods-storylyApp.debug.xcconfig */;
			buildSettings = {
				ASSETCATALOG_COMPILER_APPICON_NAME = AppIcon;
				ASSETCATALOG_COMPILER_GLOBAL_ACCENT_COLOR_NAME = AccentColor;
				CODE_SIGN_STYLE = Automatic;
				DEVELOPMENT_TEAM = V99PUP45YW;
				INFOPLIST_FILE = storylyApp/Info.plist;
				LD_RUNPATH_SEARCH_PATHS = (
					"$(inherited)",
					"@executable_path/Frameworks",
				);
				PRODUCT_BUNDLE_IDENTIFIER = luisrodriguez.storylyApp;
				PRODUCT_NAME = "$(TARGET_NAME)";
				SWIFT_VERSION = 5.0;
				TARGETED_DEVICE_FAMILY = "1,2";
			};
			name = Debug;
		};
		82830AE926BCA2CA00FF5766 /* Release */ = {
			isa = XCBuildConfiguration;
			baseConfigurationReference = 95E3C92B116399CA87742F52 /* Pods-storylyApp.release.xcconfig */;
			buildSettings = {
				ASSETCATALOG_COMPILER_APPICON_NAME = AppIcon;
				ASSETCATALOG_COMPILER_GLOBAL_ACCENT_COLOR_NAME = AccentColor;
				CODE_SIGN_STYLE = Automatic;
				DEVELOPMENT_TEAM = V99PUP45YW;
				INFOPLIST_FILE = storylyApp/Info.plist;
				LD_RUNPATH_SEARCH_PATHS = (
					"$(inherited)",
					"@executable_path/Frameworks",
				);
				PRODUCT_BUNDLE_IDENTIFIER = luisrodriguez.storylyApp;
				PRODUCT_NAME = "$(TARGET_NAME)";
				SWIFT_VERSION = 5.0;
				TARGETED_DEVICE_FAMILY = "1,2";
			};
			name = Release;
		};
/* End XCBuildConfiguration section */

/* Begin XCConfigurationList section */
		82830ACE26BCA2C500FF5766 /* Build configuration list for PBXProject "storylyApp" */ = {
			isa = XCConfigurationList;
			buildConfigurations = (
				82830AE526BCA2CA00FF5766 /* Debug */,
				82830AE626BCA2CA00FF5766 /* Release */,
			);
			defaultConfigurationIsVisible = 0;
			defaultConfigurationName = Release;
		};
		82830AE726BCA2CA00FF5766 /* Build configuration list for PBXNativeTarget "storylyApp" */ = {
			isa = XCConfigurationList;
			buildConfigurations = (
				82830AE826BCA2CA00FF5766 /* Debug */,
				82830AE926BCA2CA00FF5766 /* Release */,
			);
			defaultConfigurationIsVisible = 0;
			defaultConfigurationName = Release;
		};
/* End XCConfigurationList section */
	};
	rootObject = 82830ACB26BCA2C500FF5766 /* Project object */;
}
